<?xml version="1.0" encoding="utf-8"?>
<Project ToolsVersion="4.0" xmlns="http://schemas.microsoft.com/developer/msbuild/2003">
  <ItemGroup>
    <ClCompile Include="dns_export.cpp" />
    <ClCompile Include="main.cpp" />
    <ClCompile Include="utils\argument_parser.cpp">
      <Filter>utils</Filter>
    </ClCompile>
    <ClCompile Include="utils\base64.cpp">
      <Filter>utils</Filter>
    </ClCompile>
    <ClCompile Include="utils\dns_packet_capture.cpp">
      <Filter>utils</Filter>
    </ClCompile>
    <ClCompile Include="utils\utils.cpp">
      <Filter>utils</Filter>
    </ClCompile>
    <ClCompile Include="statistics\statistics.cpp">
      <Filter>statistics</Filter>
    </ClCompile>
    <ClCompile Include="syslog\syslog.cpp">
      <Filter>syslog</Filter>
    </ClCompile>
    <ClCompile Include="packet\protocols\tcp\tcp.cpp">
      <Filter>packet\protocols\tcp</Filter>
    </ClCompile>
    <ClCompile Include="packet\protocols\ip\ip_fragments.cpp">
      <Filter>packet\protocols\ip</Filter>
    </ClCompile>
    <ClCompile Include="packet\protocols\ip\ipv4.cpp">
      <Filter>packet\protocols\ip</Filter>
    </ClCompile>
    <ClCompile Include="packet\protocols\ip\ipv6.cpp">
      <Filter>packet\protocols\ip</Filter>
    </ClCompile>
    <ClCompile Include="packet\protocols\dns\dns.cpp">
      <Filter>packet\protocols\dns</Filter>
    </ClCompile>
    <ClCompile Include="packet\protocols\dns\dns_header.cpp">
      <Filter>packet\protocols\dns</Filter>
    </ClCompile>
    <ClCompile Include="packet\protocols\dns\dns_resource_record.cpp">
      <Filter>packet\protocols\dns</Filter>
    </ClCompile>
    <ClCompile Include="packet\protocols\dns\dns_resource_records.cpp">
      <Filter>packet\protocols\dns</Filter>
    </ClCompile>
    <ClCompile Include="packet\protocols\dns\dns_type.cpp">
      <Filter>packet\protocols\dns</Filter>
    </ClCompile>
    <ClCompile Include="packet\packet_parser.cpp">
      <Filter>packet</Filter>
    </ClCompile>
    <ClCompile Include="utils\memory_block.cpp">
      <Filter>utils</Filter>
    </ClCompile>
    <ClCompile Include="packet\protocols\dns\dns_questions.cpp">
      <Filter>packet\protocols\dns</Filter>
    </ClCompile>
    <ClCompile Include="packet\protocols\dns\dns_question.cpp">
      <Filter>packet\protocols\dns</Filter>
    </ClCompile>
    <ClCompile Include="packet\protocols\tcp\tcp_segments.cpp">
      <Filter>packet\protocols\tcp</Filter>
    </ClCompile>
  </ItemGroup>
  <ItemGroup>
    <ClInclude Include="dns_export.h" />
    <ClInclude Include="utils\argument_parser.h">
      <Filter>utils</Filter>
    </ClInclude>
    <ClInclude Include="utils\base64.h">
      <Filter>utils</Filter>
    </ClInclude>
    <ClInclude Include="utils\dns_packet_capture.h">
      <Filter>utils</Filter>
    </ClInclude>
    <ClInclude Include="utils\exceptions.h">
      <Filter>utils</Filter>
    </ClInclude>
    <ClInclude Include="utils\utils.h">
      <Filter>utils</Filter>
    </ClInclude>
    <ClInclude Include="statistics\statistics.h">
      <Filter>statistics</Filter>
    </ClInclude>
    <ClInclude Include="syslog\syslog.h">
      <Filter>syslog</Filter>
    </ClInclude>
    <ClInclude Include="packet\protocols\tcp\tcp.h">
      <Filter>packet\protocols\tcp</Filter>
    </ClInclude>
    <ClInclude Include="packet\protocols\ip\ip_fragments.h">
      <Filter>packet\protocols\ip</Filter>
    </ClInclude>
    <ClInclude Include="packet\protocols\ip\ipv4.h">
      <Filter>packet\protocols\ip</Filter>
    </ClInclude>
    <ClInclude Include="packet\protocols\ip\ipv6.h">
      <Filter>packet\protocols\ip</Filter>
    </ClInclude>
    <ClInclude Include="packet\protocols\dns\dns.h">
      <Filter>packet\protocols\dns</Filter>
    </ClInclude>
    <ClInclude Include="packet\protocols\dns\dns_header.h">
      <Filter>packet\protocols\dns</Filter>
    </ClInclude>
    <ClInclude Include="packet\protocols\dns\dns_resource_record.h">
      <Filter>packet\protocols\dns</Filter>
    </ClInclude>
    <ClInclude Include="packet\protocols\dns\dns_resource_records.h">
      <Filter>packet\protocols\dns</Filter>
    </ClInclude>
    <ClInclude Include="packet\protocols\dns\dns_type.h">
      <Filter>packet\protocols\dns</Filter>
    </ClInclude>
    <ClInclude Include="packet\packet_parser.h">
      <Filter>packet</Filter>
    </ClInclude>
    <ClInclude Include="utils\memory_block.h">
      <Filter>utils</Filter>
    </ClInclude>
    <ClInclude Include="packet\protocols\dns\dns_questions.h">
      <Filter>packet\protocols\dns</Filter>
    </ClInclude>
    <ClInclude Include="packet\protocols\dns\dns_question.h">
      <Filter>packet\protocols\dns</Filter>
    </ClInclude>
    <ClInclude Include="packet\protocols\tcp\tcp_segments.h">
      <Filter>packet\protocols\tcp</Filter>
    </ClInclude>
  </ItemGroup>
  <ItemGroup>
    <Filter Include="packet">
      <UniqueIdentifier>{a0210320-dbd5-4683-bff0-cefbbd996f50}</UniqueIdentifier>
    </Filter>
    <Filter Include="statistics">
      <UniqueIdentifier>{6067d3bd-c966-4745-834b-042b4c779880}</UniqueIdentifier>
    </Filter>
    <Filter Include="syslog">
      <UniqueIdentifier>{157ef9ff-dccd-4fb7-bdd9-d4fb5609df2f}</UniqueIdentifier>
    </Filter>
    <Filter Include="utils">
      <UniqueIdentifier>{f63f410b-fab4-4da4-a7d6-35543abe4a3c}</UniqueIdentifier>
    </Filter>
    <Filter Include="packet\protocols">
      <UniqueIdentifier>{b290ab91-2901-4c89-8ebc-0105b410c6a0}</UniqueIdentifier>
    </Filter>
    <Filter Include="packet\protocols\dns">
      <UniqueIdentifier>{d2e7fe97-c62a-44cc-8b2e-5d29bf203916}</UniqueIdentifier>
    </Filter>
    <Filter Include="packet\protocols\ip">
      <UniqueIdentifier>{84e3c1ba-4408-4de2-9beb-e115f85725c8}</UniqueIdentifier>
    </Filter>
    <Filter Include="packet\protocols\tcp">
      <UniqueIdentifier>{09e32244-a1e2-4ee2-8ee7-a6a5131f30bf}</UniqueIdentifier>
    </Filter>
  </ItemGroup>
</Project>